{
  "originHash" : "095d14d882db652f74b26eaa1e380a9103b7d409add7b4931c5b1ff9d28ce559",
  "pins" : [
    {
      "identity" : "swiftedgetts",
      "kind" : "remoteSourceControl",
      "location" : "https://github.com/herrkaefer/SwiftEdgeTTS",
      "state" : {
        "revision" : "6fafd2dd66e45358812c98e3bb2fa28b2757e614",
        "version" : "1.3.0"
      }
    }
  ],
  "version" : 3
}
